
Microsoft Visual Studio Solution File, Format Version 12.00
# Visual Studio Version 17
VisualStudioVersion = 17.9.34714.143
MinimumVisualStudioVersion = 10.0.40219.1
Project("{FAE04EC0-301F-11D3-BF4B-00C04F79EFBC}") = "Flappy_Bird_Game", "Flappy_Bird_Game.csproj", "{58430973-1546-4DF2-BF8C-B196E41601C9}"
EndProject
Global
	GlobalSection(SolutionConfigurationPlatforms) = preSolution
		Debug|Any CPU = Debug|Any CPU
		Release|Any CPU = Release|Any CPU
	EndGlobalSection
	GlobalSection(ProjectConfigurationPlatforms) = postSolution
		{58430973-1546-4DF2-BF8C-B196E41601C9}.Debug|Any CPU.ActiveCfg = Debug|Any CPU
		{58430973-1546-4DF2-BF8C-B196E41601C9}.Debug|Any CPU.Build.0 = Debug|Any CPU
		{58430973-1546-4DF2-BF8C-B196E41601C9}.Release|Any CPU.ActiveCfg = Release|Any CPU
		{58430973-1546-4DF2-BF8C-B196E41601C9}.Release|Any CPU.Build.0 = Release|Any CPU
	EndGlobalSection
	GlobalSection(SolutionProperties) = preSolution
		HideSolutionNode = FALSE
	EndGlobalSection
	GlobalSection(ExtensibilityGlobals) = postSolution
		SolutionGuid = {4AF14145-D9F8-4233-AF48-6A97B91F5460}
	EndGlobalSection
EndGlobal
